
Microsoft Visual Studio Solution File, Format Version 12.00
# Visual Studio Version 16
VisualStudioVersion = 16.0.29609.76
MinimumVisualStudioVersion = 10.0.40219.1
Project("{9A19103F-16F7-4668-BE54-9A1E7A4F7556}") = "SynAdor", "SynAdor\SynAdor.csproj", "{B50535C6-6BF2-4D78-9106-DB324A9AEA52}"
EndProject
Project("{2150E333-8FDC-42A3-9474-1A3956D46DE8}") = "Solution Items", "Solution Items", "{A1C52D5C-8018-48FD-95D7-AF29089F9654}"
	ProjectSection(SolutionItems) = preProject
		.editorconfig = .editorconfig
	EndProjectSection
EndProject
Global
	GlobalSection(SolutionConfigurationPlatforms) = preSolution
		Debug|Any CPU = Debug|Any CPU
		Release|Any CPU = Release|Any CPU
	EndGlobalSection
	GlobalSection(ProjectConfigurationPlatforms) = postSolution
		{B50535C6-6BF2-4D78-9106-DB324A9AEA52}.Debug|Any CPU.ActiveCfg = Debug|Any CPU
		{B50535C6-6BF2-4D78-9106-DB324A9AEA52}.Debug|Any CPU.Build.0 = Debug|Any CPU
		{B50535C6-6BF2-4D78-9106-DB324A9AEA52}.Release|Any CPU.ActiveCfg = Release|Any CPU
		{B50535C6-6BF2-4D78-9106-DB324A9AEA52}.Release|Any CPU.Build.0 = Release|Any CPU
	EndGlobalSection
	GlobalSection(SolutionProperties) = preSolution
		HideSolutionNode = FALSE
	EndGlobalSection
	GlobalSection(ExtensibilityGlobals) = postSolution
		SolutionGuid = {F5C6192B-2D77-4435-A7A1-205A3094BF06}
	EndGlobalSection
EndGlobal
